
Microsoft Visual Studio Solution File, Format Version 11.00
# Visual Studio 2010
Project("{8BC9CEB8-8B4A-11D0-8D11-00A0C91BC942}") = "8QueenByStack", "8QueenByStack\8QueenByStack.vcxproj", "{2CEA6477-2E52-41EE-A38E-9CE723773034}"
EndProject
Global
	GlobalSection(SolutionConfigurationPlatforms) = preSolution
		Debug|Win32 = Debug|Win32
		Release|Win32 = Release|Win32
	EndGlobalSection
	GlobalSection(ProjectConfigurationPlatforms) = postSolution
		{2CEA6477-2E52-41EE-A38E-9CE723773034}.Debug|Win32.ActiveCfg = Debug|Win32
		{2CEA6477-2E52-41EE-A38E-9CE723773034}.Debug|Win32.Build.0 = Debug|Win32
		{2CEA6477-2E52-41EE-A38E-9CE723773034}.Release|Win32.ActiveCfg = Release|Win32
		{2CEA6477-2E52-41EE-A38E-9CE723773034}.Release|Win32.Build.0 = Release|Win32
	EndGlobalSection
	GlobalSection(SolutionProperties) = preSolution
		HideSolutionNode = FALSE
	EndGlobalSection
EndGlobal
